# This file is automatically @generated by Cargo.
# It is not intended for manual editing.
[[package]]
name = "adler32"
version = "1.0.3"
source = "registry+https://github.com/rust-lang/crates.io-index"

[[package]]
name = "aho-corasick"
version = "0.7.6"
source = "registry+https://github.com/rust-lang/crates.io-index"
dependencies = [
 "memchr 2.2.1 (registry+https://github.com/rust-lang/crates.io-index)",
]

[[package]]
name = "ansi_term"
version = "0.11.0"
source = "registry+https://github.com/rust-lang/crates.io-index"
dependencies = [
 "winapi 0.3.7 (registry+https://github.com/rust-lang/crates.io-index)",
]

[[package]]
name = "approx"
version = "0.1.1"
source = "registry+https://github.com/rust-lang/crates.io-index"

[[package]]
name = "atty"
version = "0.2.13"
source = "registry+https://github.com/rust-lang/crates.io-index"
dependencies = [
 "libc 0.2.58 (registry+https://github.com/rust-lang/crates.io-index)",
 "winapi 0.3.7 (registry+https://github.com/rust-lang/crates.io-index)",
]

[[package]]
name = "autocfg"
version = "0.1.4"
source = "registry+https://github.com/rust-lang/crates.io-index"

[[package]]
name = "bitflags"
version = "1.1.0"
source = "registry+https://github.com/rust-lang/crates.io-index"

[[package]]
name = "build_const"
version = "0.2.1"
source = "registry+https://github.com/rust-lang/crates.io-index"

[[package]]
name = "cc"
version = "1.0.37"
source = "registry+https://github.com/rust-lang/crates.io-index"

[[package]]
name = "cfg-if"
version = "0.1.9"
source = "registry+https://github.com/rust-lang/crates.io-index"

[[package]]
name = "cgmath"
version = "0.16.1"
source = "registry+https://github.com/rust-lang/crates.io-index"
dependencies = [
 "approx 0.1.1 (registry+https://github.com/rust-lang/crates.io-index)",
 "num-traits 0.1.43 (registry+https://github.com/rust-lang/crates.io-index)",
 "rand 0.4.6 (registry+https://github.com/rust-lang/crates.io-index)",
]

[[package]]
name = "chrono"
version = "0.4.6"
source = "registry+https://github.com/rust-lang/crates.io-index"
dependencies = [
 "num-integer 0.1.41 (registry+https://github.com/rust-lang/crates.io-index)",
 "num-traits 0.2.8 (registry+https://github.com/rust-lang/crates.io-index)",
 "time 0.1.42 (registry+https://github.com/rust-lang/crates.io-index)",
]

[[package]]
name = "clap"
version = "2.33.0"
source = "registry+https://github.com/rust-lang/crates.io-index"
dependencies = [
 "ansi_term 0.11.0 (registry+https://github.com/rust-lang/crates.io-index)",
 "atty 0.2.13 (registry+https://github.com/rust-lang/crates.io-index)",
 "bitflags 1.1.0 (registry+https://github.com/rust-lang/crates.io-index)",
 "strsim 0.8.0 (registry+https://github.com/rust-lang/crates.io-index)",
 "textwrap 0.11.0 (registry+https://github.com/rust-lang/crates.io-index)",
 "unicode-width 0.1.6 (registry+https://github.com/rust-lang/crates.io-index)",
 "vec_map 0.8.1 (registry+https://github.com/rust-lang/crates.io-index)",
]

[[package]]
name = "cloudabi"
version = "0.0.3"
source = "registry+https://github.com/rust-lang/crates.io-index"
dependencies = [
 "bitflags 1.1.0 (registry+https://github.com/rust-lang/crates.io-index)",
]

[[package]]
name = "colored"
version = "1.8.0"
source = "registry+https://github.com/rust-lang/crates.io-index"
dependencies = [
 "lazy_static 1.3.0 (registry+https://github.com/rust-lang/crates.io-index)",
 "winconsole 0.10.0 (registry+https://github.com/rust-lang/crates.io-index)",
]

[[package]]
name = "crc"
version = "1.8.1"
source = "registry+https://github.com/rust-lang/crates.io-index"
dependencies = [
 "build_const 0.2.1 (registry+https://github.com/rust-lang/crates.io-index)",
]

[[package]]
name = "crc32fast"
version = "1.2.0"
source = "registry+https://github.com/rust-lang/crates.io-index"
dependencies = [
 "cfg-if 0.1.9 (registry+https://github.com/rust-lang/crates.io-index)",
]

[[package]]
name = "errno"
version = "0.2.4"
source = "registry+https://github.com/rust-lang/crates.io-index"
dependencies = [
 "errno-dragonfly 0.1.1 (registry+https://github.com/rust-lang/crates.io-index)",
 "libc 0.2.58 (registry+https://github.com/rust-lang/crates.io-index)",
 "winapi 0.3.7 (registry+https://github.com/rust-lang/crates.io-index)",
]

[[package]]
name = "errno-dragonfly"
version = "0.1.1"
source = "registry+https://github.com/rust-lang/crates.io-index"
dependencies = [
 "gcc 0.3.55 (registry+https://github.com/rust-lang/crates.io-index)",
 "libc 0.2.58 (registry+https://github.com/rust-lang/crates.io-index)",
]

[[package]]
name = "filetime"
version = "0.2.6"
source = "registry+https://github.com/rust-lang/crates.io-index"
dependencies = [
 "cfg-if 0.1.9 (registry+https://github.com/rust-lang/crates.io-index)",
 "libc 0.2.58 (registry+https://github.com/rust-lang/crates.io-index)",
 "redox_syscall 0.1.54 (registry+https://github.com/rust-lang/crates.io-index)",
 "winapi 0.3.7 (registry+https://github.com/rust-lang/crates.io-index)",
]

[[package]]
name = "flate2"
version = "1.0.7"
source = "registry+https://github.com/rust-lang/crates.io-index"
dependencies = [
 "crc32fast 1.2.0 (registry+https://github.com/rust-lang/crates.io-index)",
 "libc 0.2.58 (registry+https://github.com/rust-lang/crates.io-index)",
 "libz-sys 1.0.25 (registry+https://github.com/rust-lang/crates.io-index)",
 "miniz_oxide_c_api 0.2.1 (registry+https://github.com/rust-lang/crates.io-index)",
]

[[package]]
name = "fuchsia-cprng"
version = "0.1.1"
source = "registry+https://github.com/rust-lang/crates.io-index"

[[package]]
name = "gcc"
version = "0.3.55"
source = "registry+https://github.com/rust-lang/crates.io-index"

[[package]]
name = "lazy_static"
version = "1.3.0"
source = "registry+https://github.com/rust-lang/crates.io-index"

[[package]]
name = "libc"
version = "0.2.58"
source = "registry+https://github.com/rust-lang/crates.io-index"

[[package]]
name = "libz-sys"
version = "1.0.25"
source = "registry+https://github.com/rust-lang/crates.io-index"
dependencies = [
 "cc 1.0.37 (registry+https://github.com/rust-lang/crates.io-index)",
 "libc 0.2.58 (registry+https://github.com/rust-lang/crates.io-index)",
 "pkg-config 0.3.14 (registry+https://github.com/rust-lang/crates.io-index)",
 "vcpkg 0.2.6 (registry+https://github.com/rust-lang/crates.io-index)",
]

[[package]]
name = "memchr"
version = "2.2.1"
source = "registry+https://github.com/rust-lang/crates.io-index"

[[package]]
name = "miniz_oxide"
version = "0.2.1"
source = "registry+https://github.com/rust-lang/crates.io-index"
dependencies = [
 "adler32 1.0.3 (registry+https://github.com/rust-lang/crates.io-index)",
]

[[package]]
name = "miniz_oxide_c_api"
version = "0.2.1"
source = "registry+https://github.com/rust-lang/crates.io-index"
dependencies = [
 "cc 1.0.37 (registry+https://github.com/rust-lang/crates.io-index)",
 "crc 1.8.1 (registry+https://github.com/rust-lang/crates.io-index)",
 "libc 0.2.58 (registry+https://github.com/rust-lang/crates.io-index)",
 "miniz_oxide 0.2.1 (registry+https://github.com/rust-lang/crates.io-index)",
]

[[package]]
name = "num-integer"
version = "0.1.41"
source = "registry+https://github.com/rust-lang/crates.io-index"
dependencies = [
 "autocfg 0.1.4 (registry+https://github.com/rust-lang/crates.io-index)",
 "num-traits 0.2.8 (registry+https://github.com/rust-lang/crates.io-index)",
]

[[package]]
name = "num-traits"
version = "0.1.43"
source = "registry+https://github.com/rust-lang/crates.io-index"
dependencies = [
 "num-traits 0.2.8 (registry+https://github.com/rust-lang/crates.io-index)",
]

[[package]]
name = "num-traits"
version = "0.2.8"
source = "registry+https://github.com/rust-lang/crates.io-index"
dependencies = [
 "autocfg 0.1.4 (registry+https://github.com/rust-lang/crates.io-index)",
]

[[package]]
name = "pkg-config"
version = "0.3.14"
source = "registry+https://github.com/rust-lang/crates.io-index"

[[package]]
name = "rand"
version = "0.3.23"
source = "registry+https://github.com/rust-lang/crates.io-index"
dependencies = [
 "libc 0.2.58 (registry+https://github.com/rust-lang/crates.io-index)",
 "rand 0.4.6 (registry+https://github.com/rust-lang/crates.io-index)",
]

[[package]]
name = "rand"
version = "0.4.6"
source = "registry+https://github.com/rust-lang/crates.io-index"
dependencies = [
 "fuchsia-cprng 0.1.1 (registry+https://github.com/rust-lang/crates.io-index)",
 "libc 0.2.58 (registry+https://github.com/rust-lang/crates.io-index)",
 "rand_core 0.3.1 (registry+https://github.com/rust-lang/crates.io-index)",
 "rdrand 0.4.0 (registry+https://github.com/rust-lang/crates.io-index)",
 "winapi 0.3.7 (registry+https://github.com/rust-lang/crates.io-index)",
]

[[package]]
name = "rand"
version = "0.6.5"
source = "registry+https://github.com/rust-lang/crates.io-index"
dependencies = [
 "autocfg 0.1.4 (registry+https://github.com/rust-lang/crates.io-index)",
 "libc 0.2.58 (registry+https://github.com/rust-lang/crates.io-index)",
 "rand_chacha 0.1.1 (registry+https://github.com/rust-lang/crates.io-index)",
 "rand_core 0.4.0 (registry+https://github.com/rust-lang/crates.io-index)",
 "rand_hc 0.1.0 (registry+https://github.com/rust-lang/crates.io-index)",
 "rand_isaac 0.1.1 (registry+https://github.com/rust-lang/crates.io-index)",
 "rand_jitter 0.1.4 (registry+https://github.com/rust-lang/crates.io-index)",
 "rand_os 0.1.3 (registry+https://github.com/rust-lang/crates.io-index)",
 "rand_pcg 0.1.2 (registry+https://github.com/rust-lang/crates.io-index)",
 "rand_xorshift 0.1.1 (registry+https://github.com/rust-lang/crates.io-index)",
 "winapi 0.3.7 (registry+https://github.com/rust-lang/crates.io-index)",
]

[[package]]
name = "rand_chacha"
version = "0.1.1"
source = "registry+https://github.com/rust-lang/crates.io-index"
dependencies = [
 "autocfg 0.1.4 (registry+https://github.com/rust-lang/crates.io-index)",
 "rand_core 0.3.1 (registry+https://github.com/rust-lang/crates.io-index)",
]

[[package]]
name = "rand_core"
version = "0.3.1"
source = "registry+https://github.com/rust-lang/crates.io-index"
dependencies = [
 "rand_core 0.4.0 (registry+https://github.com/rust-lang/crates.io-index)",
]

[[package]]
name = "rand_core"
version = "0.4.0"
source = "registry+https://github.com/rust-lang/crates.io-index"

[[package]]
name = "rand_hc"
version = "0.1.0"
source = "registry+https://github.com/rust-lang/crates.io-index"
dependencies = [
 "rand_core 0.3.1 (registry+https://github.com/rust-lang/crates.io-index)",
]

[[package]]
name = "rand_isaac"
version = "0.1.1"
source = "registry+https://github.com/rust-lang/crates.io-index"
dependencies = [
 "rand_core 0.3.1 (registry+https://github.com/rust-lang/crates.io-index)",
]

[[package]]
name = "rand_jitter"
version = "0.1.4"
source = "registry+https://github.com/rust-lang/crates.io-index"
dependencies = [
 "libc 0.2.58 (registry+https://github.com/rust-lang/crates.io-index)",
 "rand_core 0.4.0 (registry+https://github.com/rust-lang/crates.io-index)",
 "winapi 0.3.7 (registry+https://github.com/rust-lang/crates.io-index)",
]

[[package]]
name = "rand_os"
version = "0.1.3"
source = "registry+https://github.com/rust-lang/crates.io-index"
dependencies = [
 "cloudabi 0.0.3 (registry+https://github.com/rust-lang/crates.io-index)",
 "fuchsia-cprng 0.1.1 (registry+https://github.com/rust-lang/crates.io-index)",
 "libc 0.2.58 (registry+https://github.com/rust-lang/crates.io-index)",
 "rand_core 0.4.0 (registry+https://github.com/rust-lang/crates.io-index)",
 "rdrand 0.4.0 (registry+https://github.com/rust-lang/crates.io-index)",
 "winapi 0.3.7 (registry+https://github.com/rust-lang/crates.io-index)",
]

[[package]]
name = "rand_pcg"
version = "0.1.2"
source = "registry+https://github.com/rust-lang/crates.io-index"
dependencies = [
 "autocfg 0.1.4 (registry+https://github.com/rust-lang/crates.io-index)",
 "rand_core 0.4.0 (registry+https://github.com/rust-lang/crates.io-index)",
]

[[package]]
name = "rand_xorshift"
version = "0.1.1"
source = "registry+https://github.com/rust-lang/crates.io-index"
dependencies = [
 "rand_core 0.3.1 (registry+https://github.com/rust-lang/crates.io-index)",
]

[[package]]
name = "rdrand"
version = "0.4.0"
source = "registry+https://github.com/rust-lang/crates.io-index"
dependencies = [
 "rand_core 0.3.1 (registry+https://github.com/rust-lang/crates.io-index)",
]

[[package]]
name = "redox_syscall"
version = "0.1.54"
source = "registry+https://github.com/rust-lang/crates.io-index"

[[package]]
name = "regex"
version = "1.3.1"
source = "registry+https://github.com/rust-lang/crates.io-index"
dependencies = [
 "aho-corasick 0.7.6 (registry+https://github.com/rust-lang/crates.io-index)",
 "memchr 2.2.1 (registry+https://github.com/rust-lang/crates.io-index)",
 "regex-syntax 0.6.12 (registry+https://github.com/rust-lang/crates.io-index)",
 "thread_local 0.3.6 (registry+https://github.com/rust-lang/crates.io-index)",
]

[[package]]
name = "regex-syntax"
version = "0.6.12"
source = "registry+https://github.com/rust-lang/crates.io-index"

[[package]]
name = "rgb"
version = "0.8.14"
source = "registry+https://github.com/rust-lang/crates.io-index"

[[package]]
name = "rug"
version = "0.1.0"
dependencies = [
 "chrono 0.4.6 (registry+https://github.com/rust-lang/crates.io-index)",
 "clap 2.33.0 (registry+https://github.com/rust-lang/crates.io-index)",
 "colored 1.8.0 (registry+https://github.com/rust-lang/crates.io-index)",
 "errno 0.2.4 (registry+https://github.com/rust-lang/crates.io-index)",
 "filetime 0.2.6 (registry+https://github.com/rust-lang/crates.io-index)",
 "flate2 1.0.7 (registry+https://github.com/rust-lang/crates.io-index)",
 "lazy_static 1.3.0 (registry+https://github.com/rust-lang/crates.io-index)",
 "libc 0.2.58 (registry+https://github.com/rust-lang/crates.io-index)",
 "rand 0.6.5 (registry+https://github.com/rust-lang/crates.io-index)",
 "regex 1.3.1 (registry+https://github.com/rust-lang/crates.io-index)",
 "rust-crypto 0.2.36 (registry+https://github.com/rust-lang/crates.io-index)",
]

[[package]]
name = "rust-crypto"
version = "0.2.36"
source = "registry+https://github.com/rust-lang/crates.io-index"
dependencies = [
 "gcc 0.3.55 (registry+https://github.com/rust-lang/crates.io-index)",
 "libc 0.2.58 (registry+https://github.com/rust-lang/crates.io-index)",
 "rand 0.3.23 (registry+https://github.com/rust-lang/crates.io-index)",
 "rustc-serialize 0.3.24 (registry+https://github.com/rust-lang/crates.io-index)",
 "time 0.1.42 (registry+https://github.com/rust-lang/crates.io-index)",
]

[[package]]
name = "rustc-serialize"
version = "0.3.24"
source = "registry+https://github.com/rust-lang/crates.io-index"

[[package]]
name = "strsim"
version = "0.8.0"
source = "registry+https://github.com/rust-lang/crates.io-index"

[[package]]
name = "textwrap"
version = "0.11.0"
source = "registry+https://github.com/rust-lang/crates.io-index"
dependencies = [
 "unicode-width 0.1.6 (registry+https://github.com/rust-lang/crates.io-index)",
]

[[package]]
name = "thread_local"
version = "0.3.6"
source = "registry+https://github.com/rust-lang/crates.io-index"
dependencies = [
 "lazy_static 1.3.0 (registry+https://github.com/rust-lang/crates.io-index)",
]

[[package]]
name = "time"
version = "0.1.42"
source = "registry+https://github.com/rust-lang/crates.io-index"
dependencies = [
 "libc 0.2.58 (registry+https://github.com/rust-lang/crates.io-index)",
 "redox_syscall 0.1.54 (registry+https://github.com/rust-lang/crates.io-index)",
 "winapi 0.3.7 (registry+https://github.com/rust-lang/crates.io-index)",
]

[[package]]
name = "unicode-width"
version = "0.1.6"
source = "registry+https://github.com/rust-lang/crates.io-index"

[[package]]
name = "vcpkg"
version = "0.2.6"
source = "registry+https://github.com/rust-lang/crates.io-index"

[[package]]
name = "vec_map"
version = "0.8.1"
source = "registry+https://github.com/rust-lang/crates.io-index"

[[package]]
name = "winapi"
version = "0.3.7"
source = "registry+https://github.com/rust-lang/crates.io-index"
dependencies = [
 "winapi-i686-pc-windows-gnu 0.4.0 (registry+https://github.com/rust-lang/crates.io-index)",
 "winapi-x86_64-pc-windows-gnu 0.4.0 (registry+https://github.com/rust-lang/crates.io-index)",
]

[[package]]
name = "winapi-i686-pc-windows-gnu"
version = "0.4.0"
source = "registry+https://github.com/rust-lang/crates.io-index"

[[package]]
name = "winapi-x86_64-pc-windows-gnu"
version = "0.4.0"
source = "registry+https://github.com/rust-lang/crates.io-index"

[[package]]
name = "winconsole"
version = "0.10.0"
source = "registry+https://github.com/rust-lang/crates.io-index"
dependencies = [
 "cgmath 0.16.1 (registry+https://github.com/rust-lang/crates.io-index)",
 "lazy_static 1.3.0 (registry+https://github.com/rust-lang/crates.io-index)",
 "rgb 0.8.14 (registry+https://github.com/rust-lang/crates.io-index)",
 "winapi 0.3.7 (registry+https://github.com/rust-lang/crates.io-index)",
]

[metadata]
"checksum adler32 1.0.3 (registry+https://github.com/rust-lang/crates.io-index)" = "7e522997b529f05601e05166c07ed17789691f562762c7f3b987263d2dedee5c"
"checksum aho-corasick 0.7.6 (registry+https://github.com/rust-lang/crates.io-index)" = "58fb5e95d83b38284460a5fda7d6470aa0b8844d283a0b614b8535e880800d2d"
"checksum ansi_term 0.11.0 (registry+https://github.com/rust-lang/crates.io-index)" = "ee49baf6cb617b853aa8d93bf420db2383fab46d314482ca2803b40d5fde979b"
"checksum approx 0.1.1 (registry+https://github.com/rust-lang/crates.io-index)" = "08abcc3b4e9339e33a3d0a5ed15d84a687350c05689d825e0f6655eef9e76a94"
"checksum atty 0.2.13 (registry+https://github.com/rust-lang/crates.io-index)" = "1803c647a3ec87095e7ae7acfca019e98de5ec9a7d01343f611cf3152ed71a90"
"checksum autocfg 0.1.4 (registry+https://github.com/rust-lang/crates.io-index)" = "0e49efa51329a5fd37e7c79db4621af617cd4e3e5bc224939808d076077077bf"
"checksum bitflags 1.1.0 (registry+https://github.com/rust-lang/crates.io-index)" = "3d155346769a6855b86399e9bc3814ab343cd3d62c7e985113d46a0ec3c281fd"
"checksum build_const 0.2.1 (registry+https://github.com/rust-lang/crates.io-index)" = "39092a32794787acd8525ee150305ff051b0aa6cc2abaf193924f5ab05425f39"
"checksum cc 1.0.37 (registry+https://github.com/rust-lang/crates.io-index)" = "39f75544d7bbaf57560d2168f28fd649ff9c76153874db88bdbdfd839b1a7e7d"
"checksum cfg-if 0.1.9 (registry+https://github.com/rust-lang/crates.io-index)" = "b486ce3ccf7ffd79fdeb678eac06a9e6c09fc88d33836340becb8fffe87c5e33"
"checksum cgmath 0.16.1 (registry+https://github.com/rust-lang/crates.io-index)" = "64a4b57c8f4e3a2e9ac07e0f6abc9c24b6fc9e1b54c3478cfb598f3d0023e51c"
"checksum chrono 0.4.6 (registry+https://github.com/rust-lang/crates.io-index)" = "45912881121cb26fad7c38c17ba7daa18764771836b34fab7d3fbd93ed633878"
"checksum clap 2.33.0 (registry+https://github.com/rust-lang/crates.io-index)" = "5067f5bb2d80ef5d68b4c87db81601f0b75bca627bc2ef76b141d7b846a3c6d9"
"checksum cloudabi 0.0.3 (registry+https://github.com/rust-lang/crates.io-index)" = "ddfc5b9aa5d4507acaf872de71051dfd0e309860e88966e1051e462a077aac4f"
"checksum colored 1.8.0 (registry+https://github.com/rust-lang/crates.io-index)" = "6cdb90b60f2927f8d76139c72dbde7e10c3a2bc47c8594c9c7a66529f2687c03"
"checksum crc 1.8.1 (registry+https://github.com/rust-lang/crates.io-index)" = "d663548de7f5cca343f1e0a48d14dcfb0e9eb4e079ec58883b7251539fa10aeb"
"checksum crc32fast 1.2.0 (registry+https://github.com/rust-lang/crates.io-index)" = "ba125de2af0df55319f41944744ad91c71113bf74a4646efff39afe1f6842db1"
"checksum errno 0.2.4 (registry+https://github.com/rust-lang/crates.io-index)" = "c2a071601ed01b988f896ab14b95e67335d1eeb50190932a1320f7fe3cadc84e"
"checksum errno-dragonfly 0.1.1 (registry+https://github.com/rust-lang/crates.io-index)" = "14ca354e36190500e1e1fb267c647932382b54053c50b14970856c0b00a35067"
"checksum filetime 0.2.6 (registry+https://github.com/rust-lang/crates.io-index)" = "450537dc346f0c4d738dda31e790da1da5d4bd12145aad4da0d03d713cb3794f"
"checksum flate2 1.0.7 (registry+https://github.com/rust-lang/crates.io-index)" = "f87e68aa82b2de08a6e037f1385455759df6e445a8df5e005b4297191dbf18aa"
"checksum fuchsia-cprng 0.1.1 (registry+https://github.com/rust-lang/crates.io-index)" = "a06f77d526c1a601b7c4cdd98f54b5eaabffc14d5f2f0296febdc7f357c6d3ba"
"checksum gcc 0.3.55 (registry+https://github.com/rust-lang/crates.io-index)" = "8f5f3913fa0bfe7ee1fd8248b6b9f42a5af4b9d65ec2dd2c3c26132b950ecfc2"
"checksum lazy_static 1.3.0 (registry+https://github.com/rust-lang/crates.io-index)" = "bc5729f27f159ddd61f4df6228e827e86643d4d3e7c32183cb30a1c08f604a14"
"checksum libc 0.2.58 (registry+https://github.com/rust-lang/crates.io-index)" = "6281b86796ba5e4366000be6e9e18bf35580adf9e63fbe2294aadb587613a319"
"checksum libz-sys 1.0.25 (registry+https://github.com/rust-lang/crates.io-index)" = "2eb5e43362e38e2bca2fd5f5134c4d4564a23a5c28e9b95411652021a8675ebe"
"checksum memchr 2.2.1 (registry+https://github.com/rust-lang/crates.io-index)" = "88579771288728879b57485cc7d6b07d648c9f0141eb955f8ab7f9d45394468e"
"checksum miniz_oxide 0.2.1 (registry+https://github.com/rust-lang/crates.io-index)" = "c468f2369f07d651a5d0bb2c9079f8488a66d5466efe42d0c5c6466edcb7f71e"
"checksum miniz_oxide_c_api 0.2.1 (registry+https://github.com/rust-lang/crates.io-index)" = "b7fe927a42e3807ef71defb191dc87d4e24479b221e67015fe38ae2b7b447bab"
"checksum num-integer 0.1.41 (registry+https://github.com/rust-lang/crates.io-index)" = "b85e541ef8255f6cf42bbfe4ef361305c6c135d10919ecc26126c4e5ae94bc09"
"checksum num-traits 0.1.43 (registry+https://github.com/rust-lang/crates.io-index)" = "92e5113e9fd4cc14ded8e499429f396a20f98c772a47cc8622a736e1ec843c31"
"checksum num-traits 0.2.8 (registry+https://github.com/rust-lang/crates.io-index)" = "6ba9a427cfca2be13aa6f6403b0b7e7368fe982bfa16fccc450ce74c46cd9b32"
"checksum pkg-config 0.3.14 (registry+https://github.com/rust-lang/crates.io-index)" = "676e8eb2b1b4c9043511a9b7bea0915320d7e502b0a079fb03f9635a5252b18c"
"checksum rand 0.3.23 (registry+https://github.com/rust-lang/crates.io-index)" = "64ac302d8f83c0c1974bf758f6b041c6c8ada916fbb44a609158ca8b064cc76c"
"checksum rand 0.4.6 (registry+https://github.com/rust-lang/crates.io-index)" = "552840b97013b1a26992c11eac34bdd778e464601a4c2054b5f0bff7c6761293"
"checksum rand 0.6.5 (registry+https://github.com/rust-lang/crates.io-index)" = "6d71dacdc3c88c1fde3885a3be3fbab9f35724e6ce99467f7d9c5026132184ca"
"checksum rand_chacha 0.1.1 (registry+https://github.com/rust-lang/crates.io-index)" = "556d3a1ca6600bfcbab7c7c91ccb085ac7fbbcd70e008a98742e7847f4f7bcef"
"checksum rand_core 0.3.1 (registry+https://github.com/rust-lang/crates.io-index)" = "7a6fdeb83b075e8266dcc8762c22776f6877a63111121f5f8c7411e5be7eed4b"
"checksum rand_core 0.4.0 (registry+https://github.com/rust-lang/crates.io-index)" = "d0e7a549d590831370895ab7ba4ea0c1b6b011d106b5ff2da6eee112615e6dc0"
"checksum rand_hc 0.1.0 (registry+https://github.com/rust-lang/crates.io-index)" = "7b40677c7be09ae76218dc623efbf7b18e34bced3f38883af07bb75630a21bc4"
"checksum rand_isaac 0.1.1 (registry+https://github.com/rust-lang/crates.io-index)" = "ded997c9d5f13925be2a6fd7e66bf1872597f759fd9dd93513dd7e92e5a5ee08"
"checksum rand_jitter 0.1.4 (registry+https://github.com/rust-lang/crates.io-index)" = "1166d5c91dc97b88d1decc3285bb0a99ed84b05cfd0bc2341bdf2d43fc41e39b"
"checksum rand_os 0.1.3 (registry+https://github.com/rust-lang/crates.io-index)" = "7b75f676a1e053fc562eafbb47838d67c84801e38fc1ba459e8f180deabd5071"
"checksum rand_pcg 0.1.2 (registry+https://github.com/rust-lang/crates.io-index)" = "abf9b09b01790cfe0364f52bf32995ea3c39f4d2dd011eac241d2914146d0b44"
"checksum rand_xorshift 0.1.1 (registry+https://github.com/rust-lang/crates.io-index)" = "cbf7e9e623549b0e21f6e97cf8ecf247c1a8fd2e8a992ae265314300b2455d5c"
"checksum rdrand 0.4.0 (registry+https://github.com/rust-lang/crates.io-index)" = "678054eb77286b51581ba43620cc911abf02758c91f93f479767aed0f90458b2"
"checksum redox_syscall 0.1.54 (registry+https://github.com/rust-lang/crates.io-index)" = "12229c14a0f65c4f1cb046a3b52047cdd9da1f4b30f8a39c5063c8bae515e252"
"checksum regex 1.3.1 (registry+https://github.com/rust-lang/crates.io-index)" = "dc220bd33bdce8f093101afe22a037b8eb0e5af33592e6a9caafff0d4cb81cbd"
"checksum regex-syntax 0.6.12 (registry+https://github.com/rust-lang/crates.io-index)" = "11a7e20d1cce64ef2fed88b66d347f88bd9babb82845b2b858f3edbf59a4f716"
"checksum rgb 0.8.14 (registry+https://github.com/rust-lang/crates.io-index)" = "2089e4031214d129e201f8c3c8c2fe97cd7322478a0d1cdf78e7029b0042efdb"
"checksum rust-crypto 0.2.36 (registry+https://github.com/rust-lang/crates.io-index)" = "f76d05d3993fd5f4af9434e8e436db163a12a9d40e1a58a726f27a01dfd12a2a"
"checksum rustc-serialize 0.3.24 (registry+https://github.com/rust-lang/crates.io-index)" = "dcf128d1287d2ea9d80910b5f1120d0b8eede3fbf1abe91c40d39ea7d51e6fda"
"checksum strsim 0.8.0 (registry+https://github.com/rust-lang/crates.io-index)" = "8ea5119cdb4c55b55d432abb513a0429384878c15dde60cc77b1c99de1a95a6a"
"checksum textwrap 0.11.0 (registry+https://github.com/rust-lang/crates.io-index)" = "d326610f408c7a4eb6f51c37c330e496b08506c9457c9d34287ecc38809fb060"
"checksum thread_local 0.3.6 (registry+https://github.com/rust-lang/crates.io-index)" = "c6b53e329000edc2b34dbe8545fd20e55a333362d0a321909685a19bd28c3f1b"
"checksum time 0.1.42 (registry+https://github.com/rust-lang/crates.io-index)" = "db8dcfca086c1143c9270ac42a2bbd8a7ee477b78ac8e45b19abfb0cbede4b6f"
"checksum unicode-width 0.1.6 (registry+https://github.com/rust-lang/crates.io-index)" = "7007dbd421b92cc6e28410fe7362e2e0a2503394908f417b68ec8d1c364c4e20"
"checksum vcpkg 0.2.6 (registry+https://github.com/rust-lang/crates.io-index)" = "def296d3eb3b12371b2c7d0e83bfe1403e4db2d7a0bba324a12b21c4ee13143d"
"checksum vec_map 0.8.1 (registry+https://github.com/rust-lang/crates.io-index)" = "05c78687fb1a80548ae3250346c3db86a80a7cdd77bda190189f2d0a0987c81a"
"checksum winapi 0.3.7 (registry+https://github.com/rust-lang/crates.io-index)" = "f10e386af2b13e47c89e7236a7a14a086791a2b88ebad6df9bf42040195cf770"
"checksum winapi-i686-pc-windows-gnu 0.4.0 (registry+https://github.com/rust-lang/crates.io-index)" = "ac3b87c63620426dd9b991e5ce0329eff545bccbbb34f3be09ff6fb6ab51b7b6"
"checksum winapi-x86_64-pc-windows-gnu 0.4.0 (registry+https://github.com/rust-lang/crates.io-index)" = "712e227841d057c1ee1cd2fb22fa7e5a5461ae8e48fa2ca79ec42cfc1931183f"
"checksum winconsole 0.10.0 (registry+https://github.com/rust-lang/crates.io-index)" = "3ef84b96d10db72dd980056666d7f1e7663ce93d82fa33b63e71c966f4cf5032"
